
Microsoft Visual Studio Solution File, Format Version 12.00
# Visual Studio 14
VisualStudioVersion = 14.0.25420.1
MinimumVisualStudioVersion = 10.0.40219.1
Project("{FAE04EC0-301F-11D3-BF4B-00C04F79EFBC}") = "WebAPI", "WebApplication1\WebAPI.csproj", "{3FAAA31E-87AC-40BD-B5A0-512C6262C04B}"
EndProject
Project("{FAE04EC0-301F-11D3-BF4B-00C04F79EFBC}") = "WebPage", "WebApplication2\WebPage.csproj", "{B2DA0755-B41A-4CD5-9CD5-3542511F316D}"
EndProject
Global
	GlobalSection(SolutionConfigurationPlatforms) = preSolution
		Debug|Any CPU = Debug|Any CPU
		Release|Any CPU = Release|Any CPU
	EndGlobalSection
	GlobalSection(ProjectConfigurationPlatforms) = postSolution
		{3FAAA31E-87AC-40BD-B5A0-512C6262C04B}.Debug|Any CPU.ActiveCfg = Debug|Any CPU
		{3FAAA31E-87AC-40BD-B5A0-512C6262C04B}.Debug|Any CPU.Build.0 = Debug|Any CPU
		{3FAAA31E-87AC-40BD-B5A0-512C6262C04B}.Release|Any CPU.ActiveCfg = Release|Any CPU
		{3FAAA31E-87AC-40BD-B5A0-512C6262C04B}.Release|Any CPU.Build.0 = Release|Any CPU
		{B2DA0755-B41A-4CD5-9CD5-3542511F316D}.Debug|Any CPU.ActiveCfg = Debug|Any CPU
		{B2DA0755-B41A-4CD5-9CD5-3542511F316D}.Debug|Any CPU.Build.0 = Debug|Any CPU
		{B2DA0755-B41A-4CD5-9CD5-3542511F316D}.Release|Any CPU.ActiveCfg = Release|Any CPU
		{B2DA0755-B41A-4CD5-9CD5-3542511F316D}.Release|Any CPU.Build.0 = Release|Any CPU
	EndGlobalSection
	GlobalSection(SolutionProperties) = preSolution
		HideSolutionNode = FALSE
	EndGlobalSection
EndGlobal
